
Microsoft Visual Studio Solution File, Format Version 12.00
Project("{FAE04EC0-301F-11D3-BF4B-00C04F79EFBC}") = "Deductions.UnitTests", "Deductions.UnitTests\Deductions.UnitTests.csproj", "{B0653CBE-3DBB-4EAF-8E18-16BA203ABAC6}"
EndProject
Project("{FAE04EC0-301F-11D3-BF4B-00C04F79EFBC}") = "Deductions.Domain", "Deductions.Domain\Deductions.Domain.csproj", "{1F50078C-A252-4C84-99FC-FE9EED3D57DD}"
EndProject
Project("{FAE04EC0-301F-11D3-BF4B-00C04F79EFBC}") = "Deductions.Services", "Deductions.Services\Deductions.Services.csproj", "{BA625DF5-6317-41B4-A82D-063A18BB22C1}"
EndProject
Global
	GlobalSection(SolutionConfigurationPlatforms) = preSolution
		Debug|Any CPU = Debug|Any CPU
		Release|Any CPU = Release|Any CPU
	EndGlobalSection
	GlobalSection(ProjectConfigurationPlatforms) = postSolution
		{B0653CBE-3DBB-4EAF-8E18-16BA203ABAC6}.Debug|Any CPU.ActiveCfg = Debug|Any CPU
		{B0653CBE-3DBB-4EAF-8E18-16BA203ABAC6}.Debug|Any CPU.Build.0 = Debug|Any CPU
		{B0653CBE-3DBB-4EAF-8E18-16BA203ABAC6}.Release|Any CPU.ActiveCfg = Release|Any CPU
		{B0653CBE-3DBB-4EAF-8E18-16BA203ABAC6}.Release|Any CPU.Build.0 = Release|Any CPU
		{1F50078C-A252-4C84-99FC-FE9EED3D57DD}.Debug|Any CPU.ActiveCfg = Debug|Any CPU
		{1F50078C-A252-4C84-99FC-FE9EED3D57DD}.Debug|Any CPU.Build.0 = Debug|Any CPU
		{1F50078C-A252-4C84-99FC-FE9EED3D57DD}.Release|Any CPU.ActiveCfg = Release|Any CPU
		{1F50078C-A252-4C84-99FC-FE9EED3D57DD}.Release|Any CPU.Build.0 = Release|Any CPU
		{BA625DF5-6317-41B4-A82D-063A18BB22C1}.Debug|Any CPU.ActiveCfg = Debug|Any CPU
		{BA625DF5-6317-41B4-A82D-063A18BB22C1}.Debug|Any CPU.Build.0 = Debug|Any CPU
		{BA625DF5-6317-41B4-A82D-063A18BB22C1}.Release|Any CPU.ActiveCfg = Release|Any CPU
		{BA625DF5-6317-41B4-A82D-063A18BB22C1}.Release|Any CPU.Build.0 = Release|Any CPU
	EndGlobalSection
EndGlobal
